
Microsoft Visual Studio Solution File, Format Version 12.00
# Visual Studio 15
VisualStudioVersion = 15.0.26124.0
MinimumVisualStudioVersion = 15.0.26124.0
Project("{2150E333-8FDC-42A3-9474-1A3956D46DE8}") = "src", "src", "{E39C75AB-0256-411D-A58E-26CC4A8F1220}"
EndProject
Project("{2150E333-8FDC-42A3-9474-1A3956D46DE8}") = "tests", "tests", "{D8FEFFD3-EA49-483F-A1E2-41709B1D7674}"
EndProject
Project("{FAE04EC0-301F-11D3-BF4B-00C04F79EFBC}") = "SimpleAop", "src\SimpleAop\SimpleAop.csproj", "{0BA5D05E-F0F7-4FD4-8AA3-D3CA4EA0CD12}"
EndProject
Project("{FAE04EC0-301F-11D3-BF4B-00C04F79EFBC}") = "SimpleAopTests", "tests\SimpleAopTests\SimpleAopTests.csproj", "{BB754ECE-187A-4497-AAEA-3FAC473F8AA6}"
EndProject
Project("{2150E333-8FDC-42A3-9474-1A3956D46DE8}") = "samples", "samples", "{67119637-6B11-426C-9C9F-243F0DC3F5AD}"
EndProject
Project("{FAE04EC0-301F-11D3-BF4B-00C04F79EFBC}") = "SimpleAop.Sample.DynamicProxy", "samples\SimpleAop.Sample.DynamicProxy\SimpleAop.Sample.DynamicProxy.csproj", "{6BF292F0-2028-40AE-9D0F-F1252E930EF2}"
EndProject
Global
	GlobalSection(SolutionConfigurationPlatforms) = preSolution
		Debug|Any CPU = Debug|Any CPU
		Debug|x64 = Debug|x64
		Debug|x86 = Debug|x86
		Release|Any CPU = Release|Any CPU
		Release|x64 = Release|x64
		Release|x86 = Release|x86
	EndGlobalSection
	GlobalSection(SolutionProperties) = preSolution
		HideSolutionNode = FALSE
	EndGlobalSection
	GlobalSection(NestedProjects) = preSolution
		{0BA5D05E-F0F7-4FD4-8AA3-D3CA4EA0CD12} = {E39C75AB-0256-411D-A58E-26CC4A8F1220}
		{BB754ECE-187A-4497-AAEA-3FAC473F8AA6} = {D8FEFFD3-EA49-483F-A1E2-41709B1D7674}
		{6BF292F0-2028-40AE-9D0F-F1252E930EF2} = {67119637-6B11-426C-9C9F-243F0DC3F5AD}
	EndGlobalSection
	GlobalSection(ProjectConfigurationPlatforms) = postSolution
		{0BA5D05E-F0F7-4FD4-8AA3-D3CA4EA0CD12}.Debug|Any CPU.ActiveCfg = Debug|Any CPU
		{0BA5D05E-F0F7-4FD4-8AA3-D3CA4EA0CD12}.Debug|Any CPU.Build.0 = Debug|Any CPU
		{0BA5D05E-F0F7-4FD4-8AA3-D3CA4EA0CD12}.Debug|x64.ActiveCfg = Debug|Any CPU
		{0BA5D05E-F0F7-4FD4-8AA3-D3CA4EA0CD12}.Debug|x64.Build.0 = Debug|Any CPU
		{0BA5D05E-F0F7-4FD4-8AA3-D3CA4EA0CD12}.Debug|x86.ActiveCfg = Debug|Any CPU
		{0BA5D05E-F0F7-4FD4-8AA3-D3CA4EA0CD12}.Debug|x86.Build.0 = Debug|Any CPU
		{0BA5D05E-F0F7-4FD4-8AA3-D3CA4EA0CD12}.Release|Any CPU.ActiveCfg = Release|Any CPU
		{0BA5D05E-F0F7-4FD4-8AA3-D3CA4EA0CD12}.Release|Any CPU.Build.0 = Release|Any CPU
		{0BA5D05E-F0F7-4FD4-8AA3-D3CA4EA0CD12}.Release|x64.ActiveCfg = Release|Any CPU
		{0BA5D05E-F0F7-4FD4-8AA3-D3CA4EA0CD12}.Release|x64.Build.0 = Release|Any CPU
		{0BA5D05E-F0F7-4FD4-8AA3-D3CA4EA0CD12}.Release|x86.ActiveCfg = Release|Any CPU
		{0BA5D05E-F0F7-4FD4-8AA3-D3CA4EA0CD12}.Release|x86.Build.0 = Release|Any CPU
		{BB754ECE-187A-4497-AAEA-3FAC473F8AA6}.Debug|Any CPU.ActiveCfg = Debug|Any CPU
		{BB754ECE-187A-4497-AAEA-3FAC473F8AA6}.Debug|Any CPU.Build.0 = Debug|Any CPU
		{BB754ECE-187A-4497-AAEA-3FAC473F8AA6}.Debug|x64.ActiveCfg = Debug|Any CPU
		{BB754ECE-187A-4497-AAEA-3FAC473F8AA6}.Debug|x64.Build.0 = Debug|Any CPU
		{BB754ECE-187A-4497-AAEA-3FAC473F8AA6}.Debug|x86.ActiveCfg = Debug|Any CPU
		{BB754ECE-187A-4497-AAEA-3FAC473F8AA6}.Debug|x86.Build.0 = Debug|Any CPU
		{BB754ECE-187A-4497-AAEA-3FAC473F8AA6}.Release|Any CPU.ActiveCfg = Release|Any CPU
		{BB754ECE-187A-4497-AAEA-3FAC473F8AA6}.Release|Any CPU.Build.0 = Release|Any CPU
		{BB754ECE-187A-4497-AAEA-3FAC473F8AA6}.Release|x64.ActiveCfg = Release|Any CPU
		{BB754ECE-187A-4497-AAEA-3FAC473F8AA6}.Release|x64.Build.0 = Release|Any CPU
		{BB754ECE-187A-4497-AAEA-3FAC473F8AA6}.Release|x86.ActiveCfg = Release|Any CPU
		{BB754ECE-187A-4497-AAEA-3FAC473F8AA6}.Release|x86.Build.0 = Release|Any CPU
		{6BF292F0-2028-40AE-9D0F-F1252E930EF2}.Debug|Any CPU.ActiveCfg = Debug|Any CPU
		{6BF292F0-2028-40AE-9D0F-F1252E930EF2}.Debug|Any CPU.Build.0 = Debug|Any CPU
		{6BF292F0-2028-40AE-9D0F-F1252E930EF2}.Debug|x64.ActiveCfg = Debug|Any CPU
		{6BF292F0-2028-40AE-9D0F-F1252E930EF2}.Debug|x64.Build.0 = Debug|Any CPU
		{6BF292F0-2028-40AE-9D0F-F1252E930EF2}.Debug|x86.ActiveCfg = Debug|Any CPU
		{6BF292F0-2028-40AE-9D0F-F1252E930EF2}.Debug|x86.Build.0 = Debug|Any CPU
		{6BF292F0-2028-40AE-9D0F-F1252E930EF2}.Release|Any CPU.ActiveCfg = Release|Any CPU
		{6BF292F0-2028-40AE-9D0F-F1252E930EF2}.Release|Any CPU.Build.0 = Release|Any CPU
		{6BF292F0-2028-40AE-9D0F-F1252E930EF2}.Release|x64.ActiveCfg = Release|Any CPU
		{6BF292F0-2028-40AE-9D0F-F1252E930EF2}.Release|x64.Build.0 = Release|Any CPU
		{6BF292F0-2028-40AE-9D0F-F1252E930EF2}.Release|x86.ActiveCfg = Release|Any CPU
		{6BF292F0-2028-40AE-9D0F-F1252E930EF2}.Release|x86.Build.0 = Release|Any CPU
	EndGlobalSection
EndGlobal
